
Microsoft Visual Studio Solution File, Format Version 12.00
# Visual Studio Version 16
VisualStudioVersion = 16.0.30611.23
MinimumVisualStudioVersion = 10.0.40219.1
Project("{FAE04EC0-301F-11D3-BF4B-00C04F79EFBC}") = "project final 001", "project final 001\project final 001.csproj", "{84C963C5-7A52-40B6-8992-D5468E347EC2}"
EndProject
Global
	GlobalSection(SolutionConfigurationPlatforms) = preSolution
		Debug|Any CPU = Debug|Any CPU
		Release|Any CPU = Release|Any CPU
	EndGlobalSection
	GlobalSection(ProjectConfigurationPlatforms) = postSolution
		{84C963C5-7A52-40B6-8992-D5468E347EC2}.Debug|Any CPU.ActiveCfg = Debug|Any CPU
		{84C963C5-7A52-40B6-8992-D5468E347EC2}.Debug|Any CPU.Build.0 = Debug|Any CPU
		{84C963C5-7A52-40B6-8992-D5468E347EC2}.Release|Any CPU.ActiveCfg = Release|Any CPU
		{84C963C5-7A52-40B6-8992-D5468E347EC2}.Release|Any CPU.Build.0 = Release|Any CPU
	EndGlobalSection
	GlobalSection(SolutionProperties) = preSolution
		HideSolutionNode = FALSE
	EndGlobalSection
	GlobalSection(ExtensibilityGlobals) = postSolution
		SolutionGuid = {BA584215-753A-421D-9F73-1E513228D543}
	EndGlobalSection
EndGlobal
